// !$*UTF8*$!
{
	archiveVersion = 1;
	classes = {
	};
	objectVersion = 50;
	objects = {

/* Begin PBXBuildFile section */
		105B49EB23DD984300E8CE07 /* AppDelegate.swift in Sources */ = {isa = PBXBuildFile; fileRef = 105B49EA23DD984300E8CE07 /* AppDelegate.swift */; };
		105B49ED23DD984300E8CE07 /* SceneDelegate.swift in Sources */ = {isa = PBXBuildFile; fileRef = 105B49EC23DD984300E8CE07 /* SceneDelegate.swift */; };
		105B49F123DD984600E8CE07 /* Assets.xcassets in Resources */ = {isa = PBXBuildFile; fileRef = 105B49F023DD984600E8CE07 /* Assets.xcassets */; };
		105B49F423DD984600E8CE07 /* Preview Assets.xcassets in Resources */ = {isa = PBXBuildFile; fileRef = 105B49F323DD984600E8CE07 /* Preview Assets.xcassets */; };
		105B49F723DD984600E8CE07 /* LaunchScreen.storyboard in Resources */ = {isa = PBXBuildFile; fileRef = 105B49F523DD984600E8CE07 /* LaunchScreen.storyboard */; };
		105B49FF23DD98B500E8CE07 /* ShopData.json in Resources */ = {isa = PBXBuildFile; fileRef = 105B49FE23DD98B500E8CE07 /* ShopData.json */; };
		105B4A0123DD99AC00E8CE07 /* ShopList.swift in Sources */ = {isa = PBXBuildFile; fileRef = 105B4A0023DD99AC00E8CE07 /* ShopList.swift */; };
		105B4A0323DDF64700E8CE07 /* ShopRow.swift in Sources */ = {isa = PBXBuildFile; fileRef = 105B4A0223DDF64700E8CE07 /* ShopRow.swift */; };
		105B4A0523DDFBB500E8CE07 /* ShopData.swift in Sources */ = {isa = PBXBuildFile; fileRef = 105B4A0423DDFBB500E8CE07 /* ShopData.swift */; };
		10ED816C23E3DA1F00B2F075 /* AddCity.swift in Sources */ = {isa = PBXBuildFile; fileRef = 10ED816B23E3DA1F00B2F075 /* AddCity.swift */; };
/* End PBXBuildFile section */

/* Begin PBXFileReference section */
		105B49E723DD984300E8CE07 /* AddCity.app */ = {isa = PBXFileReference; explicitFileType = wrapper.application; includeInIndex = 0; path = AddCity.app; sourceTree = BUILT_PRODUCTS_DIR; };
		105B49EA23DD984300E8CE07 /* AppDelegate.swift */ = {isa = PBXFileReference; lastKnownFileType = sourcecode.swift; path = AppDelegate.swift; sourceTree = "<group>"; };
		105B49EC23DD984300E8CE07 /* SceneDelegate.swift */ = {isa = PBXFileReference; lastKnownFileType = sourcecode.swift; path = SceneDelegate.swift; sourceTree = "<group>"; };
		105B49F023DD984600E8CE07 /* Assets.xcassets */ = {isa = PBXFileReference; lastKnownFileType = folder.assetcatalog; path = Assets.xcassets; sourceTree = "<group>"; };
		105B49F323DD984600E8CE07 /* Preview Assets.xcassets */ = {isa = PBXFileReference; lastKnownFileType = folder.assetcatalog; path = "Preview Assets.xcassets"; sourceTree = "<group>"; };
		105B49F623DD984600E8CE07 /* Base */ = {isa = PBXFileReference; lastKnownFileType = file.storyboard; name = Base; path = Base.lproj/LaunchScreen.storyboard; sourceTree = "<group>"; };
		105B49F823DD984600E8CE07 /* Info.plist */ = {isa = PBXFileReference; lastKnownFileType = text.plist.xml; path = Info.plist; sourceTree = "<group>"; };
		105B49FE23DD98B500E8CE07 /* ShopData.json */ = {isa = PBXFileReference; fileEncoding = 4; lastKnownFileType = text.json; name = ShopData.json; path = AddCity/Resources/ShopData.json; sourceTree = SOURCE_ROOT; };
		105B4A0023DD99AC00E8CE07 /* ShopList.swift */ = {isa = PBXFileReference; lastKnownFileType = sourcecode.swift; path = ShopList.swift; sourceTree = "<group>"; };
		105B4A0223DDF64700E8CE07 /* ShopRow.swift */ = {isa = PBXFileReference; lastKnownFileType = sourcecode.swift; path = ShopRow.swift; sourceTree = "<group>"; };
		105B4A0423DDFBB500E8CE07 /* ShopData.swift */ = {isa = PBXFileReference; lastKnownFileType = sourcecode.swift; path = ShopData.swift; sourceTree = "<group>"; };
		10ED816B23E3DA1F00B2F075 /* AddCity.swift */ = {isa = PBXFileReference; lastKnownFileType = sourcecode.swift; path = AddCity.swift; sourceTree = "<group>"; };
/* End PBXFileReference section */

/* Begin PBXFrameworksBuildPhase section */
		105B49E423DD984300E8CE07 /* Frameworks */ = {
			isa = PBXFrameworksBuildPhase;
			buildActionMask = 2147483647;
			files = (
			);
			runOnlyForDeploymentPostprocessing = 0;
		};
/* End PBXFrameworksBuildPhase section */

/* Begin PBXGroup section */
		105AD57223DEB3680055237A /* Resources */ = {
			isa = PBXGroup;
			children = (
				105B49FE23DD98B500E8CE07 /* ShopData.json */,
			);
			path = Resources;
			sourceTree = "<group>";
		};
		105B49DE23DD984300E8CE07 = {
			isa = PBXGroup;
			children = (
				105B49E923DD984300E8CE07 /* AddCity */,
				105B49E823DD984300E8CE07 /* Products */,
			);
			sourceTree = "<group>";
		};
		105B49E823DD984300E8CE07 /* Products */ = {
			isa = PBXGroup;
			children = (
				105B49E723DD984300E8CE07 /* AddCity.app */,
			);
			name = Products;
			sourceTree = "<group>";
		};
		105B49E923DD984300E8CE07 /* AddCity */ = {
			isa = PBXGroup;
			children = (
				105B49EA23DD984300E8CE07 /* AppDelegate.swift */,
				10ED816B23E3DA1F00B2F075 /* AddCity.swift */,
				105B49EC23DD984300E8CE07 /* SceneDelegate.swift */,
				105B4A0423DDFBB500E8CE07 /* ShopData.swift */,
				105B4A0023DD99AC00E8CE07 /* ShopList.swift */,
				105B4A0223DDF64700E8CE07 /* ShopRow.swift */,
				105B49F023DD984600E8CE07 /* Assets.xcassets */,
				105B49F523DD984600E8CE07 /* LaunchScreen.storyboard */,
				105B49F823DD984600E8CE07 /* Info.plist */,
				105AD57223DEB3680055237A /* Resources */,
				105B49F223DD984600E8CE07 /* Preview Content */,
			);
			path = AddCity;
			sourceTree = "<group>";
		};
		105B49F223DD984600E8CE07 /* Preview Content */ = {
			isa = PBXGroup;
			children = (
				105B49F323DD984600E8CE07 /* Preview Assets.xcassets */,
			);
			path = "Preview Content";
			sourceTree = "<group>";
		};
/* End PBXGroup section */

/* Begin PBXNativeTarget section */
		105B49E623DD984300E8CE07 /* AddCity */ = {
			isa = PBXNativeTarget;
			buildConfigurationList = 105B49FB23DD984600E8CE07 /* Build configuration list for PBXNativeTarget "AddCity" */;
			buildPhases = (
				105B49E323DD984300E8CE07 /* Sources */,
				105B49E423DD984300E8CE07 /* Frameworks */,
				105B49E523DD984300E8CE07 /* Resources */,
			);
			buildRules = (
			);
			dependencies = (
			);
			name = AddCity;
			productName = AddCity;
			productReference = 105B49E723DD984300E8CE07 /* AddCity.app */;
			productType = "com.apple.product-type.application";
		};
/* End PBXNativeTarget section */

/* Begin PBXProject section */
		105B49DF23DD984300E8CE07 /* Project object */ = {
			isa = PBXProject;
			attributes = {
				LastSwiftUpdateCheck = 1130;
				LastUpgradeCheck = 1130;
				ORGANIZATIONNAME = AddCity;
				TargetAttributes = {
					105B49E623DD984300E8CE07 = {
						CreatedOnToolsVersion = 11.3.1;
					};
				};
			};
			buildConfigurationList = 105B49E223DD984300E8CE07 /* Build configuration list for PBXProject "AddCity" */;
			compatibilityVersion = "Xcode 9.3";
			developmentRegion = en;
			hasScannedForEncodings = 0;
			knownRegions = (
				en,
				Base,
			);
			mainGroup = 105B49DE23DD984300E8CE07;
			productRefGroup = 105B49E823DD984300E8CE07 /* Products */;
			projectDirPath = "";
			projectRoot = "";
			targets = (
				105B49E623DD984300E8CE07 /* AddCity */,
			);
		};
/* End PBXProject section */

/* Begin PBXResourcesBuildPhase section */
		105B49E523DD984300E8CE07 /* Resources */ = {
			isa = PBXResourcesBuildPhase;
			buildActionMask = 2147483647;
			files = (
				105B49F723DD984600E8CE07 /* LaunchScreen.storyboard in Resources */,
				105B49FF23DD98B500E8CE07 /* ShopData.json in Resources */,
				105B49F423DD984600E8CE07 /* Preview Assets.xcassets in Resources */,
				105B49F123DD984600E8CE07 /* Assets.xcassets in Resources */,
			);
			runOnlyForDeploymentPostprocessing = 0;
		};
/* End PBXResourcesBuildPhase section */

/* Begin PBXSourcesBuildPhase section */
		105B49E323DD984300E8CE07 /* Sources */ = {
			isa = PBXSourcesBuildPhase;
			buildActionMask = 2147483647;
			files = (
				105B49EB23DD984300E8CE07 /* AppDelegate.swift in Sources */,
				105B49ED23DD984300E8CE07 /* SceneDelegate.swift in Sources */,
				10ED816C23E3DA1F00B2F075 /* AddCity.swift in Sources */,
				105B4A0523DDFBB500E8CE07 /* ShopData.swift in Sources */,
				105B4A0323DDF64700E8CE07 /* ShopRow.swift in Sources */,
				105B4A0123DD99AC00E8CE07 /* ShopList.swift in Sources */,
			);
			runOnlyForDeploymentPostprocessing = 0;
		};
/* End PBXSourcesBuildPhase section */

/* Begin PBXVariantGroup section */
		105B49F523DD984600E8CE07 /* LaunchScreen.storyboard */ = {
			isa = PBXVariantGroup;
			children = (
				105B49F623DD984600E8CE07 /* Base */,
			);
			name = LaunchScreen.storyboard;
			sourceTree = "<group>";
		};
/* End PBXVariantGroup section */

/* Begin XCBuildConfiguration section */
		105B49F923DD984600E8CE07 /* Debug */ = {
			isa = XCBuildConfiguration;
			buildSettings = {
				ALWAYS_SEARCH_USER_PATHS = NO;
				CLANG_ANALYZER_NONNULL = YES;
				CLANG_ANALYZER_NUMBER_OBJECT_CONVERSION = YES_AGGRESSIVE;
				CLANG_CXX_LANGUAGE_STANDARD = "gnu++14";
				CLANG_CXX_LIBRARY = "libc++";
				CLANG_ENABLE_MODULES = YES;
				CLANG_ENABLE_OBJC_ARC = YES;
				CLANG_ENABLE_OBJC_WEAK = YES;
				CLANG_WARN_BLOCK_CAPTURE_AUTORELEASING = YES;
				CLANG_WARN_BOOL_CONVERSION = YES;
				CLANG_WARN_COMMA = YES;
				CLANG_WARN_CONSTANT_CONVERSION = YES;
				CLANG_WARN_DEPRECATED_OBJC_IMPLEMENTATIONS = YES;
				CLANG_WARN_DIRECT_OBJC_ISA_USAGE = YES_ERROR;
				CLANG_WARN_DOCUMENTATION_COMMENTS = YES;
				CLANG_WARN_EMPTY_BODY = YES;
				CLANG_WARN_ENUM_CONVERSION = YES;
				CLANG_WARN_INFINITE_RECURSION = YES;
				CLANG_WARN_INT_CONVERSION = YES;
				CLANG_WARN_NON_LITERAL_NULL_CONVERSION = YES;
				CLANG_WARN_OBJC_IMPLICIT_RETAIN_SELF = YES;
				CLANG_WARN_OBJC_LITERAL_CONVERSION = YES;
				CLANG_WARN_OBJC_ROOT_CLASS = YES_ERROR;
				CLANG_WARN_RANGE_LOOP_ANALYSIS = YES;
				CLANG_WARN_STRICT_PROTOTYPES = YES;
				CLANG_WARN_SUSPICIOUS_MOVE = YES;
				CLANG_WARN_UNGUARDED_AVAILABILITY = YES_AGGRESSIVE;
				CLANG_WARN_UNREACHABLE_CODE = YES;
				CLANG_WARN__DUPLICATE_METHOD_MATCH = YES;
				COPY_PHASE_STRIP = NO;
				DEBUG_INFORMATION_FORMAT = dwarf;
				ENABLE_STRICT_OBJC_MSGSEND = YES;
				ENABLE_TESTABILITY = YES;
				GCC_C_LANGUAGE_STANDARD = gnu11;
				GCC_DYNAMIC_NO_PIC = NO;
				GCC_NO_COMMON_BLOCKS = YES;
				GCC_OPTIMIZATION_LEVEL = 0;
				GCC_PREPROCESSOR_DEFINITIONS = (
					"DEBUG=1",
					"$(inherited)",
				);
				GCC_WARN_64_TO_32_BIT_CONVERSION = YES;
				GCC_WARN_ABOUT_RETURN_TYPE = YES_ERROR;
				GCC_WARN_UNDECLARED_SELECTOR = YES;
				GCC_WARN_UNINITIALIZED_AUTOS = YES_AGGRESSIVE;
				GCC_WARN_UNUSED_FUNCTION = YES;
				GCC_WARN_UNUSED_VARIABLE = YES;
				IPHONEOS_DEPLOYMENT_TARGET = 13.2;
				MTL_ENABLE_DEBUG_INFO = INCLUDE_SOURCE;
				MTL_FAST_MATH = YES;
				ONLY_ACTIVE_ARCH = YES;
				SDKROOT = iphoneos;
				SWIFT_ACTIVE_COMPILATION_CONDITIONS = DEBUG;
				SWIFT_OPTIMIZATION_LEVEL = "-Onone";
			};
			name = Debug;
		};
		105B49FA23DD984600E8CE07 /* Release */ = {
			isa = XCBuildConfiguration;
			buildSettings = {
				ALWAYS_SEARCH_USER_PATHS = NO;
				CLANG_ANALYZER_NONNULL = YES;
				CLANG_ANALYZER_NUMBER_OBJECT_CONVERSION = YES_AGGRESSIVE;
				CLANG_CXX_LANGUAGE_STANDARD = "gnu++14";
				CLANG_CXX_LIBRARY = "libc++";
				CLANG_ENABLE_MODULES = YES;
				CLANG_ENABLE_OBJC_ARC = YES;
				CLANG_ENABLE_OBJC_WEAK = YES;
				CLANG_WARN_BLOCK_CAPTURE_AUTORELEASING = YES;
				CLANG_WARN_BOOL_CONVERSION = YES;
				CLANG_WARN_COMMA = YES;
				CLANG_WARN_CONSTANT_CONVERSION = YES;
				CLANG_WARN_DEPRECATED_OBJC_IMPLEMENTATIONS = YES;
				CLANG_WARN_DIRECT_OBJC_ISA_USAGE = YES_ERROR;
				CLANG_WARN_DOCUMENTATION_COMMENTS = YES;
				CLANG_WARN_EMPTY_BODY = YES;
				CLANG_WARN_ENUM_CONVERSION = YES;
				CLANG_WARN_INFINITE_RECURSION = YES;
				CLANG_WARN_INT_CONVERSION = YES;
				CLANG_WARN_NON_LITERAL_NULL_CONVERSION = YES;
				CLANG_WARN_OBJC_IMPLICIT_RETAIN_SELF = YES;
				CLANG_WARN_OBJC_LITERAL_CONVERSION = YES;
				CLANG_WARN_OBJC_ROOT_CLASS = YES_ERROR;
				CLANG_WARN_RANGE_LOOP_ANALYSIS = YES;
				CLANG_WARN_STRICT_PROTOTYPES = YES;
				CLANG_WARN_SUSPICIOUS_MOVE = YES;
				CLANG_WARN_UNGUARDED_AVAILABILITY = YES_AGGRESSIVE;
				CLANG_WARN_UNREACHABLE_CODE = YES;
				CLANG_WARN__DUPLICATE_METHOD_MATCH = YES;
				COPY_PHASE_STRIP = NO;
				DEBUG_INFORMATION_FORMAT = "dwarf-with-dsym";
				ENABLE_NS_ASSERTIONS = NO;
				ENABLE_STRICT_OBJC_MSGSEND = YES;
				GCC_C_LANGUAGE_STANDARD = gnu11;
				GCC_NO_COMMON_BLOCKS = YES;
				GCC_WARN_64_TO_32_BIT_CONVERSION = YES;
				GCC_WARN_ABOUT_RETURN_TYPE = YES_ERROR;
				GCC_WARN_UNDECLARED_SELECTOR = YES;
				GCC_WARN_UNINITIALIZED_AUTOS = YES_AGGRESSIVE;
				GCC_WARN_UNUSED_FUNCTION = YES;
				GCC_WARN_UNUSED_VARIABLE = YES;
				IPHONEOS_DEPLOYMENT_TARGET = 13.2;
				MTL_ENABLE_DEBUG_INFO = NO;
				MTL_FAST_MATH = YES;
				SDKROOT = iphoneos;
				SWIFT_COMPILATION_MODE = wholemodule;
				SWIFT_OPTIMIZATION_LEVEL = "-O";
				VALIDATE_PRODUCT = YES;
			};
			name = Release;
		};
		105B49FC23DD984600E8CE07 /* Debug */ = {
			isa = XCBuildConfiguration;
			buildSettings = {
				ASSETCATALOG_COMPILER_APPICON_NAME = AppIcon;
				CODE_SIGN_STYLE = Automatic;
				DEVELOPMENT_ASSET_PATHS = "\"AddCity/Preview Content\"";
				DEVELOPMENT_TEAM = R62TX5UP7H;
				ENABLE_PREVIEWS = YES;
				INFOPLIST_FILE = AddCity/Info.plist;
				LD_RUNPATH_SEARCH_PATHS = (
					"$(inherited)",
					"@executable_path/Frameworks",
				);
				PRODUCT_BUNDLE_IDENTIFIER = AddCity.AddCity;
				PRODUCT_NAME = "$(TARGET_NAME)";
				SWIFT_VERSION = 5.0;
				TARGETED_DEVICE_FAMILY = "1,2";
			};
			name = Debug;
		};
		105B49FD23DD984600E8CE07 /* Release */ = {
			isa = XCBuildConfiguration;
			buildSettings = {
				ASSETCATALOG_COMPILER_APPICON_NAME = AppIcon;
				CODE_SIGN_STYLE = Automatic;
				DEVELOPMENT_ASSET_PATHS = "\"AddCity/Preview Content\"";
				DEVELOPMENT_TEAM = R62TX5UP7H;
				ENABLE_PREVIEWS = YES;
				INFOPLIST_FILE = AddCity/Info.plist;
				LD_RUNPATH_SEARCH_PATHS = (
					"$(inherited)",
					"@executable_path/Frameworks",
				);
				PRODUCT_BUNDLE_IDENTIFIER = AddCity.AddCity;
				PRODUCT_NAME = "$(TARGET_NAME)";
				SWIFT_VERSION = 5.0;
				TARGETED_DEVICE_FAMILY = "1,2";
			};
			name = Release;
		};
/* End XCBuildConfiguration section */

/* Begin XCConfigurationList section */
		105B49E223DD984300E8CE07 /* Build configuration list for PBXProject "AddCity" */ = {
			isa = XCConfigurationList;
			buildConfigurations = (
				105B49F923DD984600E8CE07 /* Debug */,
				105B49FA23DD984600E8CE07 /* Release */,
			);
			defaultConfigurationIsVisible = 0;
			defaultConfigurationName = Release;
		};
		105B49FB23DD984600E8CE07 /* Build configuration list for PBXNativeTarget "AddCity" */ = {
			isa = XCConfigurationList;
			buildConfigurations = (
				105B49FC23DD984600E8CE07 /* Debug */,
				105B49FD23DD984600E8CE07 /* Release */,
			);
			defaultConfigurationIsVisible = 0;
			defaultConfigurationName = Release;
		};
/* End XCConfigurationList section */
	};
	rootObject = 105B49DF23DD984300E8CE07 /* Project object */;
}
